
Microsoft Visual Studio Solution File, Format Version 12.00
# Visual Studio 2010
Project("{FAE04EC0-301F-11D3-BF4B-00C04F79EFBC}") = "Ssmpnet", "Ssmpnet\Ssmpnet.csproj", "{6BAE8331-3EA6-4A5D-BE25-D580B8A2AFB9}"
EndProject
Project("{FAE04EC0-301F-11D3-BF4B-00C04F79EFBC}") = "Ssmpnet.Test", "Ssmpnet.Test\Ssmpnet.Test.csproj", "{29F4A11F-FBBE-49A9-A595-060733CAFB5C}"
EndProject
Project("{2150E333-8FDC-42A3-9474-1A3956D46DE8}") = "tests", "tests", "{823ACD5B-3E03-41BD-B9D8-C94A263A9FED}"
EndProject
Project("{FAE04EC0-301F-11D3-BF4B-00C04F79EFBC}") = "Ssmpnet.LoadTest", "Ssmpnet.LoadTest\Ssmpnet.LoadTest.csproj", "{8026541E-4340-4175-88E5-040386A922F8}"
EndProject
Project("{FAE04EC0-301F-11D3-BF4B-00C04F79EFBC}") = "Ssmpnet.LoadTest.Netmq", "Ssmpnet.LoadTest.Netmq\Ssmpnet.LoadTest.Netmq.csproj", "{DC9B20C7-D4B1-4FEE-BB80-C1A2AF5F8B94}"
EndProject
Project("{FAE04EC0-301F-11D3-BF4B-00C04F79EFBC}") = "Ssmpnet.ResilienceTest", "Ssmpnet.ResilienceTest\Ssmpnet.ResilienceTest.csproj", "{D45D38B4-8D44-484F-BACF-DA89F6B58363}"
EndProject
Project("{FAE04EC0-301F-11D3-BF4B-00C04F79EFBC}") = "Ssmpnet.LoadTest.Clrmq", "Ssmpnet.LoadTest.Clrmq\Ssmpnet.LoadTest.Clrmq.csproj", "{D7D11E10-F57B-40EF-A027-32A27C42BDDD}"
EndProject
Project("{FAE04EC0-301F-11D3-BF4B-00C04F79EFBC}") = "Ssmpnet.LoadTest.Dumb", "Ssmpnet.LoadTest.Dumb\Ssmpnet.LoadTest.Dumb.csproj", "{67A0AB01-38E8-49C6-83D2-C25F8143FD50}"
EndProject
Project("{FAE04EC0-301F-11D3-BF4B-00C04F79EFBC}") = "Ssmpnet.Test.Simple", "Ssmpnet.Test.Simple\Ssmpnet.Test.Simple.csproj", "{6F6475BE-387F-4C6F-9C8E-8C99D3D8AFB5}"
EndProject
Project("{FAE04EC0-301F-11D3-BF4B-00C04F79EFBC}") = "TAP", "TAP\TAP.csproj", "{3C777FBA-88AC-4CAD-AFE7-1C03906423F8}"
EndProject
Project("{FAE04EC0-301F-11D3-BF4B-00C04F79EFBC}") = "Ssmpnet.Test.ZeroByte", "Ssmpnet.Test.ZeroByte\Ssmpnet.Test.ZeroByte.csproj", "{BCC630E7-AC96-498B-B5A4-C66ED297F369}"
EndProject
Project("{FAE04EC0-301F-11D3-BF4B-00C04F79EFBC}") = "Ssmpnet.UnitTests", "Ssmpnet.UnitTests\Ssmpnet.UnitTests.csproj", "{C59140F0-0053-4843-891B-64F9516FF970}"
EndProject
Project("{2150E333-8FDC-42A3-9474-1A3956D46DE8}") = "example", "example", "{20CE2257-7E26-453E-AD23-93D92E251A97}"
EndProject
Project("{FAE04EC0-301F-11D3-BF4B-00C04F79EFBC}") = "Ssmpnet.TesterGui", "Ssmpnet.TesterGui\Ssmpnet.TesterGui.csproj", "{97DD831F-FABE-4B98-AAD7-602AE44AE681}"
EndProject
Global
	GlobalSection(SolutionConfigurationPlatforms) = preSolution
		Debug|Any CPU = Debug|Any CPU
		Debug|Mixed Platforms = Debug|Mixed Platforms
		Debug|x86 = Debug|x86
		Release|Any CPU = Release|Any CPU
		Release|Mixed Platforms = Release|Mixed Platforms
		Release|x86 = Release|x86
	EndGlobalSection
	GlobalSection(ProjectConfigurationPlatforms) = postSolution
		{6BAE8331-3EA6-4A5D-BE25-D580B8A2AFB9}.Debug|Any CPU.ActiveCfg = Debug|Any CPU
		{6BAE8331-3EA6-4A5D-BE25-D580B8A2AFB9}.Debug|Any CPU.Build.0 = Debug|Any CPU
		{6BAE8331-3EA6-4A5D-BE25-D580B8A2AFB9}.Debug|Mixed Platforms.ActiveCfg = Debug|Any CPU
		{6BAE8331-3EA6-4A5D-BE25-D580B8A2AFB9}.Debug|Mixed Platforms.Build.0 = Debug|Any CPU
		{6BAE8331-3EA6-4A5D-BE25-D580B8A2AFB9}.Debug|x86.ActiveCfg = Debug|Any CPU
		{6BAE8331-3EA6-4A5D-BE25-D580B8A2AFB9}.Release|Any CPU.ActiveCfg = Release|Any CPU
		{6BAE8331-3EA6-4A5D-BE25-D580B8A2AFB9}.Release|Any CPU.Build.0 = Release|Any CPU
		{6BAE8331-3EA6-4A5D-BE25-D580B8A2AFB9}.Release|Mixed Platforms.ActiveCfg = Release|Any CPU
		{6BAE8331-3EA6-4A5D-BE25-D580B8A2AFB9}.Release|Mixed Platforms.Build.0 = Release|Any CPU
		{6BAE8331-3EA6-4A5D-BE25-D580B8A2AFB9}.Release|x86.ActiveCfg = Release|Any CPU
		{29F4A11F-FBBE-49A9-A595-060733CAFB5C}.Debug|Any CPU.ActiveCfg = Debug|Any CPU
		{29F4A11F-FBBE-49A9-A595-060733CAFB5C}.Debug|Any CPU.Build.0 = Debug|Any CPU
		{29F4A11F-FBBE-49A9-A595-060733CAFB5C}.Debug|Mixed Platforms.ActiveCfg = Debug|Any CPU
		{29F4A11F-FBBE-49A9-A595-060733CAFB5C}.Debug|Mixed Platforms.Build.0 = Debug|Any CPU
		{29F4A11F-FBBE-49A9-A595-060733CAFB5C}.Debug|x86.ActiveCfg = Debug|Any CPU
		{29F4A11F-FBBE-49A9-A595-060733CAFB5C}.Release|Any CPU.ActiveCfg = Release|Any CPU
		{29F4A11F-FBBE-49A9-A595-060733CAFB5C}.Release|Any CPU.Build.0 = Release|Any CPU
		{29F4A11F-FBBE-49A9-A595-060733CAFB5C}.Release|Mixed Platforms.ActiveCfg = Release|Any CPU
		{29F4A11F-FBBE-49A9-A595-060733CAFB5C}.Release|Mixed Platforms.Build.0 = Release|Any CPU
		{29F4A11F-FBBE-49A9-A595-060733CAFB5C}.Release|x86.ActiveCfg = Release|Any CPU
		{8026541E-4340-4175-88E5-040386A922F8}.Debug|Any CPU.ActiveCfg = Debug|Any CPU
		{8026541E-4340-4175-88E5-040386A922F8}.Debug|Any CPU.Build.0 = Debug|Any CPU
		{8026541E-4340-4175-88E5-040386A922F8}.Debug|Mixed Platforms.ActiveCfg = Debug|Any CPU
		{8026541E-4340-4175-88E5-040386A922F8}.Debug|Mixed Platforms.Build.0 = Debug|Any CPU
		{8026541E-4340-4175-88E5-040386A922F8}.Debug|x86.ActiveCfg = Debug|Any CPU
		{8026541E-4340-4175-88E5-040386A922F8}.Release|Any CPU.ActiveCfg = Release|Any CPU
		{8026541E-4340-4175-88E5-040386A922F8}.Release|Any CPU.Build.0 = Release|Any CPU
		{8026541E-4340-4175-88E5-040386A922F8}.Release|Mixed Platforms.ActiveCfg = Release|Any CPU
		{8026541E-4340-4175-88E5-040386A922F8}.Release|Mixed Platforms.Build.0 = Release|Any CPU
		{8026541E-4340-4175-88E5-040386A922F8}.Release|x86.ActiveCfg = Release|Any CPU
		{DC9B20C7-D4B1-4FEE-BB80-C1A2AF5F8B94}.Debug|Any CPU.ActiveCfg = Debug|Any CPU
		{DC9B20C7-D4B1-4FEE-BB80-C1A2AF5F8B94}.Debug|Any CPU.Build.0 = Debug|Any CPU
		{DC9B20C7-D4B1-4FEE-BB80-C1A2AF5F8B94}.Debug|Mixed Platforms.ActiveCfg = Debug|Any CPU
		{DC9B20C7-D4B1-4FEE-BB80-C1A2AF5F8B94}.Debug|Mixed Platforms.Build.0 = Debug|Any CPU
		{DC9B20C7-D4B1-4FEE-BB80-C1A2AF5F8B94}.Debug|x86.ActiveCfg = Debug|Any CPU
		{DC9B20C7-D4B1-4FEE-BB80-C1A2AF5F8B94}.Release|Any CPU.ActiveCfg = Release|Any CPU
		{DC9B20C7-D4B1-4FEE-BB80-C1A2AF5F8B94}.Release|Any CPU.Build.0 = Release|Any CPU
		{DC9B20C7-D4B1-4FEE-BB80-C1A2AF5F8B94}.Release|Mixed Platforms.ActiveCfg = Release|Any CPU
		{DC9B20C7-D4B1-4FEE-BB80-C1A2AF5F8B94}.Release|Mixed Platforms.Build.0 = Release|Any CPU
		{DC9B20C7-D4B1-4FEE-BB80-C1A2AF5F8B94}.Release|x86.ActiveCfg = Release|Any CPU
		{D45D38B4-8D44-484F-BACF-DA89F6B58363}.Debug|Any CPU.ActiveCfg = Debug|Any CPU
		{D45D38B4-8D44-484F-BACF-DA89F6B58363}.Debug|Any CPU.Build.0 = Debug|Any CPU
		{D45D38B4-8D44-484F-BACF-DA89F6B58363}.Debug|Mixed Platforms.ActiveCfg = Debug|Any CPU
		{D45D38B4-8D44-484F-BACF-DA89F6B58363}.Debug|Mixed Platforms.Build.0 = Debug|Any CPU
		{D45D38B4-8D44-484F-BACF-DA89F6B58363}.Debug|x86.ActiveCfg = Debug|Any CPU
		{D45D38B4-8D44-484F-BACF-DA89F6B58363}.Release|Any CPU.ActiveCfg = Release|Any CPU
		{D45D38B4-8D44-484F-BACF-DA89F6B58363}.Release|Any CPU.Build.0 = Release|Any CPU
		{D45D38B4-8D44-484F-BACF-DA89F6B58363}.Release|Mixed Platforms.ActiveCfg = Release|Any CPU
		{D45D38B4-8D44-484F-BACF-DA89F6B58363}.Release|Mixed Platforms.Build.0 = Release|Any CPU
		{D45D38B4-8D44-484F-BACF-DA89F6B58363}.Release|x86.ActiveCfg = Release|Any CPU
		{D7D11E10-F57B-40EF-A027-32A27C42BDDD}.Debug|Any CPU.ActiveCfg = Debug|Any CPU
		{D7D11E10-F57B-40EF-A027-32A27C42BDDD}.Debug|Any CPU.Build.0 = Debug|Any CPU
		{D7D11E10-F57B-40EF-A027-32A27C42BDDD}.Debug|Mixed Platforms.ActiveCfg = Debug|Any CPU
		{D7D11E10-F57B-40EF-A027-32A27C42BDDD}.Debug|Mixed Platforms.Build.0 = Debug|Any CPU
		{D7D11E10-F57B-40EF-A027-32A27C42BDDD}.Debug|x86.ActiveCfg = Debug|Any CPU
		{D7D11E10-F57B-40EF-A027-32A27C42BDDD}.Release|Any CPU.ActiveCfg = Release|Any CPU
		{D7D11E10-F57B-40EF-A027-32A27C42BDDD}.Release|Any CPU.Build.0 = Release|Any CPU
		{D7D11E10-F57B-40EF-A027-32A27C42BDDD}.Release|Mixed Platforms.ActiveCfg = Release|Any CPU
		{D7D11E10-F57B-40EF-A027-32A27C42BDDD}.Release|Mixed Platforms.Build.0 = Release|Any CPU
		{D7D11E10-F57B-40EF-A027-32A27C42BDDD}.Release|x86.ActiveCfg = Release|Any CPU
		{67A0AB01-38E8-49C6-83D2-C25F8143FD50}.Debug|Any CPU.ActiveCfg = Debug|Any CPU
		{67A0AB01-38E8-49C6-83D2-C25F8143FD50}.Debug|Any CPU.Build.0 = Debug|Any CPU
		{67A0AB01-38E8-49C6-83D2-C25F8143FD50}.Debug|Mixed Platforms.ActiveCfg = Debug|Any CPU
		{67A0AB01-38E8-49C6-83D2-C25F8143FD50}.Debug|Mixed Platforms.Build.0 = Debug|Any CPU
		{67A0AB01-38E8-49C6-83D2-C25F8143FD50}.Debug|x86.ActiveCfg = Debug|Any CPU
		{67A0AB01-38E8-49C6-83D2-C25F8143FD50}.Release|Any CPU.ActiveCfg = Release|Any CPU
		{67A0AB01-38E8-49C6-83D2-C25F8143FD50}.Release|Any CPU.Build.0 = Release|Any CPU
		{67A0AB01-38E8-49C6-83D2-C25F8143FD50}.Release|Mixed Platforms.ActiveCfg = Release|Any CPU
		{67A0AB01-38E8-49C6-83D2-C25F8143FD50}.Release|Mixed Platforms.Build.0 = Release|Any CPU
		{67A0AB01-38E8-49C6-83D2-C25F8143FD50}.Release|x86.ActiveCfg = Release|Any CPU
		{6F6475BE-387F-4C6F-9C8E-8C99D3D8AFB5}.Debug|Any CPU.ActiveCfg = Debug|Any CPU
		{6F6475BE-387F-4C6F-9C8E-8C99D3D8AFB5}.Debug|Any CPU.Build.0 = Debug|Any CPU
		{6F6475BE-387F-4C6F-9C8E-8C99D3D8AFB5}.Debug|Mixed Platforms.ActiveCfg = Debug|Any CPU
		{6F6475BE-387F-4C6F-9C8E-8C99D3D8AFB5}.Debug|Mixed Platforms.Build.0 = Debug|Any CPU
		{6F6475BE-387F-4C6F-9C8E-8C99D3D8AFB5}.Debug|x86.ActiveCfg = Debug|Any CPU
		{6F6475BE-387F-4C6F-9C8E-8C99D3D8AFB5}.Release|Any CPU.ActiveCfg = Release|Any CPU
		{6F6475BE-387F-4C6F-9C8E-8C99D3D8AFB5}.Release|Any CPU.Build.0 = Release|Any CPU
		{6F6475BE-387F-4C6F-9C8E-8C99D3D8AFB5}.Release|Mixed Platforms.ActiveCfg = Release|Any CPU
		{6F6475BE-387F-4C6F-9C8E-8C99D3D8AFB5}.Release|Mixed Platforms.Build.0 = Release|Any CPU
		{6F6475BE-387F-4C6F-9C8E-8C99D3D8AFB5}.Release|x86.ActiveCfg = Release|Any CPU
		{3C777FBA-88AC-4CAD-AFE7-1C03906423F8}.Debug|Any CPU.ActiveCfg = Debug|Any CPU
		{3C777FBA-88AC-4CAD-AFE7-1C03906423F8}.Debug|Any CPU.Build.0 = Debug|Any CPU
		{3C777FBA-88AC-4CAD-AFE7-1C03906423F8}.Debug|Mixed Platforms.ActiveCfg = Debug|Any CPU
		{3C777FBA-88AC-4CAD-AFE7-1C03906423F8}.Debug|Mixed Platforms.Build.0 = Debug|Any CPU
		{3C777FBA-88AC-4CAD-AFE7-1C03906423F8}.Debug|x86.ActiveCfg = Debug|Any CPU
		{3C777FBA-88AC-4CAD-AFE7-1C03906423F8}.Release|Any CPU.ActiveCfg = Release|Any CPU
		{3C777FBA-88AC-4CAD-AFE7-1C03906423F8}.Release|Any CPU.Build.0 = Release|Any CPU
		{3C777FBA-88AC-4CAD-AFE7-1C03906423F8}.Release|Mixed Platforms.ActiveCfg = Release|Any CPU
		{3C777FBA-88AC-4CAD-AFE7-1C03906423F8}.Release|Mixed Platforms.Build.0 = Release|Any CPU
		{3C777FBA-88AC-4CAD-AFE7-1C03906423F8}.Release|x86.ActiveCfg = Release|Any CPU
		{BCC630E7-AC96-498B-B5A4-C66ED297F369}.Debug|Any CPU.ActiveCfg = Debug|Any CPU
		{BCC630E7-AC96-498B-B5A4-C66ED297F369}.Debug|Any CPU.Build.0 = Debug|Any CPU
		{BCC630E7-AC96-498B-B5A4-C66ED297F369}.Debug|Mixed Platforms.ActiveCfg = Debug|Any CPU
		{BCC630E7-AC96-498B-B5A4-C66ED297F369}.Debug|Mixed Platforms.Build.0 = Debug|Any CPU
		{BCC630E7-AC96-498B-B5A4-C66ED297F369}.Debug|x86.ActiveCfg = Debug|Any CPU
		{BCC630E7-AC96-498B-B5A4-C66ED297F369}.Release|Any CPU.ActiveCfg = Release|Any CPU
		{BCC630E7-AC96-498B-B5A4-C66ED297F369}.Release|Any CPU.Build.0 = Release|Any CPU
		{BCC630E7-AC96-498B-B5A4-C66ED297F369}.Release|Mixed Platforms.ActiveCfg = Release|Any CPU
		{BCC630E7-AC96-498B-B5A4-C66ED297F369}.Release|Mixed Platforms.Build.0 = Release|Any CPU
		{BCC630E7-AC96-498B-B5A4-C66ED297F369}.Release|x86.ActiveCfg = Release|Any CPU
		{C59140F0-0053-4843-891B-64F9516FF970}.Debug|Any CPU.ActiveCfg = Debug|Any CPU
		{C59140F0-0053-4843-891B-64F9516FF970}.Debug|Any CPU.Build.0 = Debug|Any CPU
		{C59140F0-0053-4843-891B-64F9516FF970}.Debug|Mixed Platforms.ActiveCfg = Debug|Any CPU
		{C59140F0-0053-4843-891B-64F9516FF970}.Debug|Mixed Platforms.Build.0 = Debug|Any CPU
		{C59140F0-0053-4843-891B-64F9516FF970}.Debug|x86.ActiveCfg = Debug|Any CPU
		{C59140F0-0053-4843-891B-64F9516FF970}.Release|Any CPU.ActiveCfg = Release|Any CPU
		{C59140F0-0053-4843-891B-64F9516FF970}.Release|Any CPU.Build.0 = Release|Any CPU
		{C59140F0-0053-4843-891B-64F9516FF970}.Release|Mixed Platforms.ActiveCfg = Release|Any CPU
		{C59140F0-0053-4843-891B-64F9516FF970}.Release|Mixed Platforms.Build.0 = Release|Any CPU
		{C59140F0-0053-4843-891B-64F9516FF970}.Release|x86.ActiveCfg = Release|Any CPU
		{97DD831F-FABE-4B98-AAD7-602AE44AE681}.Debug|Any CPU.ActiveCfg = Debug|x86
		{97DD831F-FABE-4B98-AAD7-602AE44AE681}.Debug|Mixed Platforms.ActiveCfg = Debug|x86
		{97DD831F-FABE-4B98-AAD7-602AE44AE681}.Debug|Mixed Platforms.Build.0 = Debug|x86
		{97DD831F-FABE-4B98-AAD7-602AE44AE681}.Debug|x86.ActiveCfg = Debug|x86
		{97DD831F-FABE-4B98-AAD7-602AE44AE681}.Debug|x86.Build.0 = Debug|x86
		{97DD831F-FABE-4B98-AAD7-602AE44AE681}.Release|Any CPU.ActiveCfg = Release|x86
		{97DD831F-FABE-4B98-AAD7-602AE44AE681}.Release|Mixed Platforms.ActiveCfg = Release|x86
		{97DD831F-FABE-4B98-AAD7-602AE44AE681}.Release|Mixed Platforms.Build.0 = Release|x86
		{97DD831F-FABE-4B98-AAD7-602AE44AE681}.Release|x86.ActiveCfg = Release|x86
		{97DD831F-FABE-4B98-AAD7-602AE44AE681}.Release|x86.Build.0 = Release|x86
	EndGlobalSection
	GlobalSection(SolutionProperties) = preSolution
		HideSolutionNode = FALSE
	EndGlobalSection
	GlobalSection(NestedProjects) = preSolution
		{29F4A11F-FBBE-49A9-A595-060733CAFB5C} = {823ACD5B-3E03-41BD-B9D8-C94A263A9FED}
		{8026541E-4340-4175-88E5-040386A922F8} = {823ACD5B-3E03-41BD-B9D8-C94A263A9FED}
		{DC9B20C7-D4B1-4FEE-BB80-C1A2AF5F8B94} = {823ACD5B-3E03-41BD-B9D8-C94A263A9FED}
		{D45D38B4-8D44-484F-BACF-DA89F6B58363} = {823ACD5B-3E03-41BD-B9D8-C94A263A9FED}
		{D7D11E10-F57B-40EF-A027-32A27C42BDDD} = {823ACD5B-3E03-41BD-B9D8-C94A263A9FED}
		{67A0AB01-38E8-49C6-83D2-C25F8143FD50} = {823ACD5B-3E03-41BD-B9D8-C94A263A9FED}
		{6F6475BE-387F-4C6F-9C8E-8C99D3D8AFB5} = {823ACD5B-3E03-41BD-B9D8-C94A263A9FED}
		{3C777FBA-88AC-4CAD-AFE7-1C03906423F8} = {823ACD5B-3E03-41BD-B9D8-C94A263A9FED}
		{BCC630E7-AC96-498B-B5A4-C66ED297F369} = {823ACD5B-3E03-41BD-B9D8-C94A263A9FED}
	EndGlobalSection
EndGlobal
